
Microsoft Visual Studio Solution File, Format Version 12.00
# Visual Studio 15
VisualStudioVersion = 15.0.28307.1022
MinimumVisualStudioVersion = 10.0.40219.1
Project("{FAE04EC0-301F-11D3-BF4B-00C04F79EFBC}") = "ASPEjercicio2", "ASPEjercicio2\ASPEjercicio2.csproj", "{CF474BC4-BE6F-4AC3-B7FE-49696FF85F00}"
EndProject
Global
	GlobalSection(SolutionConfigurationPlatforms) = preSolution
		Debug|Any CPU = Debug|Any CPU
		Release|Any CPU = Release|Any CPU
	EndGlobalSection
	GlobalSection(ProjectConfigurationPlatforms) = postSolution
		{CF474BC4-BE6F-4AC3-B7FE-49696FF85F00}.Debug|Any CPU.ActiveCfg = Debug|Any CPU
		{CF474BC4-BE6F-4AC3-B7FE-49696FF85F00}.Debug|Any CPU.Build.0 = Debug|Any CPU
		{CF474BC4-BE6F-4AC3-B7FE-49696FF85F00}.Release|Any CPU.ActiveCfg = Release|Any CPU
		{CF474BC4-BE6F-4AC3-B7FE-49696FF85F00}.Release|Any CPU.Build.0 = Release|Any CPU
	EndGlobalSection
	GlobalSection(SolutionProperties) = preSolution
		HideSolutionNode = FALSE
	EndGlobalSection
	GlobalSection(ExtensibilityGlobals) = postSolution
		SolutionGuid = {C734B89D-BE8D-421F-93DD-ABE3454B86C2}
	EndGlobalSection
EndGlobal
